
Microsoft Visual Studio Solution File, Format Version 12.00
# Visual Studio 15
VisualStudioVersion = 15.0.28307.329
MinimumVisualStudioVersion = 10.0.40219.1
Project("{FAE04EC0-301F-11D3-BF4B-00C04F79EFBC}") = "MyShopDemo.WebUI", "MyShopDemo.WebUI\MyShopDemo.WebUI.csproj", "{FB4F0105-BB98-4BDB-B912-1A80B8FA9EC1}"
EndProject
Project("{FAE04EC0-301F-11D3-BF4B-00C04F79EFBC}") = "MyShopDemo.WebUI.Tests", "MyShopDemo.WebUI.Tests\MyShopDemo.WebUI.Tests.csproj", "{C957604E-2925-4834-AFF2-ED65BEC819F7}"
EndProject
Project("{FAE04EC0-301F-11D3-BF4B-00C04F79EFBC}") = "MyShopDemo.Services", "MyShopDemo.Services\MyShopDemo.Services.csproj", "{3C96B0E5-460B-4947-9CFE-B716F6C60C97}"
EndProject
Project("{FAE04EC0-301F-11D3-BF4B-00C04F79EFBC}") = "MyShopDemo.Core", "MyShopDemo.Core\MyShopDemo.Core.csproj", "{C27D4033-7FA3-4E36-9C03-409E3804652D}"
EndProject
Project("{FAE04EC0-301F-11D3-BF4B-00C04F79EFBC}") = "MyShopDemo.DataAccess.InMemory", "MyShopDemo.DataAccess.InMemory\MyShopDemo.DataAccess.InMemory.csproj", "{51728326-3164-49E6-A366-89CDE93C373E}"
EndProject
Project("{FAE04EC0-301F-11D3-BF4B-00C04F79EFBC}") = "MyShopDemo.DataAccess.SQL", "MyShopDemo.DataAccess.SQL\MyShopDemo.DataAccess.SQL.csproj", "{7520E311-FB88-4970-8EC6-EF0315F34458}"
EndProject
Global
	GlobalSection(SolutionConfigurationPlatforms) = preSolution
		Debug|Any CPU = Debug|Any CPU
		Release|Any CPU = Release|Any CPU
	EndGlobalSection
	GlobalSection(ProjectConfigurationPlatforms) = postSolution
		{FB4F0105-BB98-4BDB-B912-1A80B8FA9EC1}.Debug|Any CPU.ActiveCfg = Debug|Any CPU
		{FB4F0105-BB98-4BDB-B912-1A80B8FA9EC1}.Debug|Any CPU.Build.0 = Debug|Any CPU
		{FB4F0105-BB98-4BDB-B912-1A80B8FA9EC1}.Release|Any CPU.ActiveCfg = Release|Any CPU
		{FB4F0105-BB98-4BDB-B912-1A80B8FA9EC1}.Release|Any CPU.Build.0 = Release|Any CPU
		{C957604E-2925-4834-AFF2-ED65BEC819F7}.Debug|Any CPU.ActiveCfg = Debug|Any CPU
		{C957604E-2925-4834-AFF2-ED65BEC819F7}.Debug|Any CPU.Build.0 = Debug|Any CPU
		{C957604E-2925-4834-AFF2-ED65BEC819F7}.Release|Any CPU.ActiveCfg = Release|Any CPU
		{C957604E-2925-4834-AFF2-ED65BEC819F7}.Release|Any CPU.Build.0 = Release|Any CPU
		{3C96B0E5-460B-4947-9CFE-B716F6C60C97}.Debug|Any CPU.ActiveCfg = Debug|Any CPU
		{3C96B0E5-460B-4947-9CFE-B716F6C60C97}.Debug|Any CPU.Build.0 = Debug|Any CPU
		{3C96B0E5-460B-4947-9CFE-B716F6C60C97}.Release|Any CPU.ActiveCfg = Release|Any CPU
		{3C96B0E5-460B-4947-9CFE-B716F6C60C97}.Release|Any CPU.Build.0 = Release|Any CPU
		{C27D4033-7FA3-4E36-9C03-409E3804652D}.Debug|Any CPU.ActiveCfg = Debug|Any CPU
		{C27D4033-7FA3-4E36-9C03-409E3804652D}.Debug|Any CPU.Build.0 = Debug|Any CPU
		{C27D4033-7FA3-4E36-9C03-409E3804652D}.Release|Any CPU.ActiveCfg = Release|Any CPU
		{C27D4033-7FA3-4E36-9C03-409E3804652D}.Release|Any CPU.Build.0 = Release|Any CPU
		{51728326-3164-49E6-A366-89CDE93C373E}.Debug|Any CPU.ActiveCfg = Debug|Any CPU
		{51728326-3164-49E6-A366-89CDE93C373E}.Debug|Any CPU.Build.0 = Debug|Any CPU
		{51728326-3164-49E6-A366-89CDE93C373E}.Release|Any CPU.ActiveCfg = Release|Any CPU
		{51728326-3164-49E6-A366-89CDE93C373E}.Release|Any CPU.Build.0 = Release|Any CPU
		{7520E311-FB88-4970-8EC6-EF0315F34458}.Debug|Any CPU.ActiveCfg = Debug|Any CPU
		{7520E311-FB88-4970-8EC6-EF0315F34458}.Debug|Any CPU.Build.0 = Debug|Any CPU
		{7520E311-FB88-4970-8EC6-EF0315F34458}.Release|Any CPU.ActiveCfg = Release|Any CPU
		{7520E311-FB88-4970-8EC6-EF0315F34458}.Release|Any CPU.Build.0 = Release|Any CPU
	EndGlobalSection
	GlobalSection(SolutionProperties) = preSolution
		HideSolutionNode = FALSE
	EndGlobalSection
	GlobalSection(ExtensibilityGlobals) = postSolution
		SolutionGuid = {96B0900B-419A-4562-8C57-799FACAAB10A}
	EndGlobalSection
EndGlobal
